
Microsoft Visual Studio Solution File, Format Version 12.00
# Visual Studio Version 16
VisualStudioVersion = 16.0.31424.327
MinimumVisualStudioVersion = 10.0.40219.1
Project("{FAE04EC0-301F-11D3-BF4B-00C04F79EFBC}") = "FizzBuzz", "FizzBuzz\FizzBuzz.csproj", "{D542FD68-A6CC-45D6-9178-DF2A22FF9D8F}"
EndProject
Global
	GlobalSection(SolutionConfigurationPlatforms) = preSolution
		Debug|Any CPU = Debug|Any CPU
		Release|Any CPU = Release|Any CPU
	EndGlobalSection
	GlobalSection(ProjectConfigurationPlatforms) = postSolution
		{D542FD68-A6CC-45D6-9178-DF2A22FF9D8F}.Debug|Any CPU.ActiveCfg = Debug|Any CPU
		{D542FD68-A6CC-45D6-9178-DF2A22FF9D8F}.Debug|Any CPU.Build.0 = Debug|Any CPU
		{D542FD68-A6CC-45D6-9178-DF2A22FF9D8F}.Release|Any CPU.ActiveCfg = Release|Any CPU
		{D542FD68-A6CC-45D6-9178-DF2A22FF9D8F}.Release|Any CPU.Build.0 = Release|Any CPU
	EndGlobalSection
	GlobalSection(SolutionProperties) = preSolution
		HideSolutionNode = FALSE
	EndGlobalSection
	GlobalSection(ExtensibilityGlobals) = postSolution
		SolutionGuid = {76D0BA8A-80B6-4E43-A295-B593AD76EA9C}
	EndGlobalSection
EndGlobal
